
Microsoft Visual Studio Solution File, Format Version 12.00
# Visual Studio Version 17
VisualStudioVersion = 17.9.34701.34
MinimumVisualStudioVersion = 10.0.40219.1
Project("{8BC9CEB8-8B4A-11D0-8D11-00A0C91BC942}") = "Hotel", "Hotel.vcxproj", "{94555179-38CA-487B-9E46-951DA17F45AB}"
EndProject
Global
	GlobalSection(SolutionConfigurationPlatforms) = preSolution
		Debug|x64 = Debug|x64
		Debug|x86 = Debug|x86
		Release|x64 = Release|x64
		Release|x86 = Release|x86
	EndGlobalSection
	GlobalSection(ProjectConfigurationPlatforms) = postSolution
		{94555179-38CA-487B-9E46-951DA17F45AB}.Debug|x64.ActiveCfg = Debug|x64
		{94555179-38CA-487B-9E46-951DA17F45AB}.Debug|x64.Build.0 = Debug|x64
		{94555179-38CA-487B-9E46-951DA17F45AB}.Debug|x86.ActiveCfg = Debug|Win32
		{94555179-38CA-487B-9E46-951DA17F45AB}.Debug|x86.Build.0 = Debug|Win32
		{94555179-38CA-487B-9E46-951DA17F45AB}.Release|x64.ActiveCfg = Release|x64
		{94555179-38CA-487B-9E46-951DA17F45AB}.Release|x64.Build.0 = Release|x64
		{94555179-38CA-487B-9E46-951DA17F45AB}.Release|x86.ActiveCfg = Release|Win32
		{94555179-38CA-487B-9E46-951DA17F45AB}.Release|x86.Build.0 = Release|Win32
	EndGlobalSection
	GlobalSection(SolutionProperties) = preSolution
		HideSolutionNode = FALSE
	EndGlobalSection
	GlobalSection(ExtensibilityGlobals) = postSolution
		SolutionGuid = {F4F7701C-DE4B-4C41-BC06-3FB05DE7BE58}
	EndGlobalSection
EndGlobal
